{
	"name": "mcbingo",
	"version": "0.1.0",
	"lockfileVersion": 3,
	"requires": true,
	"packages": {
		"": {
			"name": "mcbingo",
			"version": "0.1.0",
			"dependencies": {
				"@twurple/api": "^8.0.2",
				"@twurple/eventsub-http": "^8.0.2",
				"@twurple/eventsub-ngrok": "^8.0.2",
				"config": "^4.0.0",
				"discord.js": "^14.3.0",
				"js-yaml": "^4.1.0",
				"log4js": "^6.3.0",
				"table": "^6.9.0"
			},
			"devDependencies": {
				"@types/config": "^3.3.0",
				"@types/node": "^24.10.4",
				"typescript": "^5.1.6"
			}
		},
		"node_modules/@d-fischer/cache-decorators": {
			"version": "4.0.1",
			"resolved": "https://registry.npmjs.org/@d-fischer/cache-decorators/-/cache-decorators-4.0.1.tgz",
			"integrity": "sha512-HNYLBLWs/t28GFZZeqdIBqq8f37mqDIFO6xNPof94VjpKvuP6ROqCZGafx88dk5zZUlBfViV9jD8iNNlXfc4CA==",
			"license": "MIT",
			"dependencies": {
				"@d-fischer/shared-utils": "^3.6.3",
				"tslib": "^2.6.2"
			}
		},
		"node_modules/@d-fischer/detect-node": {
			"version": "3.0.1",
			"resolved": "https://registry.npmjs.org/@d-fischer/detect-node/-/detect-node-3.0.1.tgz",
			"integrity": "sha512-0Rf3XwTzuTh8+oPZW9SfxTIiL+26RRJ0BRPwj5oVjZFyFKmsj9RGfN2zuTRjOuA3FCK/jYm06HOhwNK+8Pfv8w==",
			"license": "MIT"
		},
		"node_modules/@d-fischer/logger": {
			"version": "4.2.4",
			"resolved": "https://registry.npmjs.org/@d-fischer/logger/-/logger-4.2.4.tgz",
			"integrity": "sha512-TFMZ/SVW8xyQtyJw9Rcuci4betSKy0qbQn2B5+1+72vVXeO8Qb1pYvuwF5qr0vDGundmSWq7W8r19nVPnXXSvA==",
			"license": "MIT",
			"dependencies": {
				"@d-fischer/detect-node": "^3.0.1",
				"@d-fischer/shared-utils": "^3.6.1",
				"tslib": "^2.5.0"
			},
			"funding": {
				"url": "https://github.com/sponsors/d-fischer"
			}
		},
		"node_modules/@d-fischer/rate-limiter": {
			"version": "1.1.0",
			"resolved": "https://registry.npmjs.org/@d-fischer/rate-limiter/-/rate-limiter-1.1.0.tgz",
			"integrity": "sha512-O5HgACwApyCZhp4JTEBEtbv/W3eAwEkrARFvgWnEsDmXgCMWjIHwohWoHre5BW6IYXFSHBGsuZB/EvNL3942kQ==",
			"license": "MIT",
			"dependencies": {
				"@d-fischer/logger": "^4.2.3",
				"@d-fischer/shared-utils": "^3.6.3",
				"tslib": "^2.6.2"
			},
			"funding": {
				"url": "https://github.com/sponsors/d-fischer"
			}
		},
		"node_modules/@d-fischer/shared-utils": {
			"version": "3.6.4",
			"resolved": "https://registry.npmjs.org/@d-fischer/shared-utils/-/shared-utils-3.6.4.tgz",
			"integrity": "sha512-BPkVLHfn2Lbyo/ENDBwtEB8JVQ+9OzkjJhUunLaxkw4k59YFlQxUUwlDBejVSFcpQT0t+D3CQlX+ySZnQj0wxw==",
			"license": "MIT",
			"dependencies": {
				"tslib": "^2.4.1"
			},
			"funding": {
				"url": "https://github.com/sponsors/d-fischer"
			}
		},
		"node_modules/@d-fischer/typed-event-emitter": {
			"version": "3.3.3",
			"resolved": "https://registry.npmjs.org/@d-fischer/typed-event-emitter/-/typed-event-emitter-3.3.3.tgz",
			"integrity": "sha512-OvSEOa8icfdWDqcRtjSEZtgJTFOFNgTjje7zaL0+nAtu2/kZtRCSK5wUMrI/aXtCH8o0Qz2vA8UqkhWUTARFQQ==",
			"license": "MIT",
			"dependencies": {
				"tslib": "^2.4.0"
			},
			"funding": {
				"url": "https://github.com/sponsors/d-fischer"
			}
		},
		"node_modules/@discordjs/builders": {
			"version": "1.13.1",
			"resolved": "https://registry.npmjs.org/@discordjs/builders/-/builders-1.13.1.tgz",
			"integrity": "sha512-cOU0UDHc3lp/5nKByDxkmRiNZBpdp0kx55aarbiAfakfKJHlxv/yFW1zmIqCAmwH5CRlrH9iMFKJMpvW4DPB+w==",
			"license": "Apache-2.0",
			"dependencies": {
				"@discordjs/formatters": "^0.6.2",
				"@discordjs/util": "^1.2.0",
				"@sapphire/shapeshift": "^4.0.0",
				"discord-api-types": "^0.38.33",
				"fast-deep-equal": "^3.1.3",
				"ts-mixer": "^6.0.4",
				"tslib": "^2.6.3"
			},
			"engines": {
				"node": ">=16.11.0"
			},
			"funding": {
				"url": "https://github.com/discordjs/discord.js?sponsor"
			}
		},
		"node_modules/@discordjs/collection": {
			"version": "1.5.3",
			"resolved": "https://registry.npmjs.org/@discordjs/collection/-/collection-1.5.3.tgz",
			"integrity": "sha512-SVb428OMd3WO1paV3rm6tSjM4wC+Kecaa1EUGX7vc6/fddvw/6lg90z4QtCqm21zvVe92vMMDt9+DkIvjXImQQ==",
			"license": "Apache-2.0",
			"engines": {
				"node": ">=16.11.0"
			}
		},
		"node_modules/@discordjs/formatters": {
			"version": "0.6.2",
			"resolved": "https://registry.npmjs.org/@discordjs/formatters/-/formatters-0.6.2.tgz",
			"integrity": "sha512-y4UPwWhH6vChKRkGdMB4odasUbHOUwy7KL+OVwF86PvT6QVOwElx+TiI1/6kcmcEe+g5YRXJFiXSXUdabqZOvQ==",
			"license": "Apache-2.0",
			"dependencies": {
				"discord-api-types": "^0.38.33"
			},
			"engines": {
				"node": ">=16.11.0"
			},
			"funding": {
				"url": "https://github.com/discordjs/discord.js?sponsor"
			}
		},
		"node_modules/@discordjs/rest": {
			"version": "2.6.0",
			"resolved": "https://registry.npmjs.org/@discordjs/rest/-/rest-2.6.0.tgz",
			"integrity": "sha512-RDYrhmpB7mTvmCKcpj+pc5k7POKszS4E2O9TYc+U+Y4iaCP+r910QdO43qmpOja8LRr1RJ0b3U+CqVsnPqzf4w==",
			"license": "Apache-2.0",
			"dependencies": {
				"@discordjs/collection": "^2.1.1",
				"@discordjs/util": "^1.1.1",
				"@sapphire/async-queue": "^1.5.3",
				"@sapphire/snowflake": "^3.5.3",
				"@vladfrangu/async_event_emitter": "^2.4.6",
				"discord-api-types": "^0.38.16",
				"magic-bytes.js": "^1.10.0",
				"tslib": "^2.6.3",
				"undici": "6.21.3"
			},
			"engines": {
				"node": ">=18"
			},
			"funding": {
				"url": "https://github.com/discordjs/discord.js?sponsor"
			}
		},
		"node_modules/@discordjs/rest/node_modules/@discordjs/collection": {
			"version": "2.1.1",
			"resolved": "https://registry.npmjs.org/@discordjs/collection/-/collection-2.1.1.tgz",
			"integrity": "sha512-LiSusze9Tc7qF03sLCujF5iZp7K+vRNEDBZ86FT9aQAv3vxMLihUvKvpsCWiQ2DJq1tVckopKm1rxomgNUc9hg==",
			"license": "Apache-2.0",
			"engines": {
				"node": ">=18"
			},
			"funding": {
				"url": "https://github.com/discordjs/discord.js?sponsor"
			}
		},
		"node_modules/@discordjs/util": {
			"version": "1.2.0",
			"resolved": "https://registry.npmjs.org/@discordjs/util/-/util-1.2.0.tgz",
			"integrity": "sha512-3LKP7F2+atl9vJFhaBjn4nOaSWahZ/yWjOvA4e5pnXkt2qyXRCHLxoBQy81GFtLGCq7K9lPm9R517M1U+/90Qg==",
			"license": "Apache-2.0",
			"dependencies": {
				"discord-api-types": "^0.38.33"
			},
			"engines": {
				"node": ">=18"
			},
			"funding": {
				"url": "https://github.com/discordjs/discord.js?sponsor"
			}
		},
		"node_modules/@discordjs/ws": {
			"version": "1.2.3",
			"resolved": "https://registry.npmjs.org/@discordjs/ws/-/ws-1.2.3.tgz",
			"integrity": "sha512-wPlQDxEmlDg5IxhJPuxXr3Vy9AjYq5xCvFWGJyD7w7Np8ZGu+Mc+97LCoEc/+AYCo2IDpKioiH0/c/mj5ZR9Uw==",
			"license": "Apache-2.0",
			"dependencies": {
				"@discordjs/collection": "^2.1.0",
				"@discordjs/rest": "^2.5.1",
				"@discordjs/util": "^1.1.0",
				"@sapphire/async-queue": "^1.5.2",
				"@types/ws": "^8.5.10",
				"@vladfrangu/async_event_emitter": "^2.2.4",
				"discord-api-types": "^0.38.1",
				"tslib": "^2.6.2",
				"ws": "^8.17.0"
			},
			"engines": {
				"node": ">=16.11.0"
			},
			"funding": {
				"url": "https://github.com/discordjs/discord.js?sponsor"
			}
		},
		"node_modules/@discordjs/ws/node_modules/@discordjs/collection": {
			"version": "2.1.1",
			"resolved": "https://registry.npmjs.org/@discordjs/collection/-/collection-2.1.1.tgz",
			"integrity": "sha512-LiSusze9Tc7qF03sLCujF5iZp7K+vRNEDBZ86FT9aQAv3vxMLihUvKvpsCWiQ2DJq1tVckopKm1rxomgNUc9hg==",
			"license": "Apache-2.0",
			"engines": {
				"node": ">=18"
			},
			"funding": {
				"url": "https://github.com/discordjs/discord.js?sponsor"
			}
		},
		"node_modules/@ngrok/ngrok": {
			"version": "0.5.2",
			"resolved": "https://registry.npmjs.org/@ngrok/ngrok/-/ngrok-0.5.2.tgz",
			"integrity": "sha512-IDTLnK93UZlpiN0Ftr5aIXvMADioMEHFcydrvmP27kypHGmW5ww1883TWiASGTPUwBEVtnVqfUtCzbu+NRhyPQ==",
			"license": "MIT",
			"engines": {
				"node": ">= 10"
			},
			"optionalDependencies": {
				"@ngrok/ngrok-android-arm-eabi": "0.5.2",
				"@ngrok/ngrok-android-arm64": "0.5.2",
				"@ngrok/ngrok-darwin-arm64": "0.5.2",
				"@ngrok/ngrok-darwin-universal": "0.5.2",
				"@ngrok/ngrok-darwin-x64": "0.5.2",
				"@ngrok/ngrok-freebsd-x64": "0.5.2",
				"@ngrok/ngrok-linux-arm-gnueabihf": "0.5.2",
				"@ngrok/ngrok-linux-arm64-gnu": "0.5.2",
				"@ngrok/ngrok-linux-arm64-musl": "0.5.2",
				"@ngrok/ngrok-linux-x64-gnu": "0.5.2",
				"@ngrok/ngrok-linux-x64-musl": "0.5.2",
				"@ngrok/ngrok-win32-ia32-msvc": "0.5.2",
				"@ngrok/ngrok-win32-x64-msvc": "0.5.2"
			}
		},
		"node_modules/@ngrok/ngrok-android-arm-eabi": {
			"version": "0.5.2",
			"resolved": "https://registry.npmjs.org/@ngrok/ngrok-android-arm-eabi/-/ngrok-android-arm-eabi-0.5.2.tgz",
			"integrity": "sha512-O8/qxTrtwvOLafnp2dRK2Jjbj7xf7bwTinXiAoEf8Y+/24p3EDCzMqcyFkJS3NuBQU/TiWloER5qCmOK/aX/UQ==",
			"cpu": [
				"arm"
			],
			"license": "MIT",
			"optional": true,
			"os": [
				"android"
			],
			"engines": {
				"node": ">= 10"
			}
		},
		"node_modules/@ngrok/ngrok-android-arm64": {
			"version": "0.5.2",
			"resolved": "https://registry.npmjs.org/@ngrok/ngrok-android-arm64/-/ngrok-android-arm64-0.5.2.tgz",
			"integrity": "sha512-SFFlxHKCHqcJPD/nKzJGibXAtQDWy+R5VuCakvzPmWKer47QQ1B/2kLy7ua4tFEmARGHYWOHGZHzP7mkq73oMA==",
			"cpu": [
				"arm64"
			],
			"license": "MIT",
			"optional": true,
			"os": [
				"android"
			],
			"engines": {
				"node": ">= 10"
			}
		},
		"node_modules/@ngrok/ngrok-darwin-arm64": {
			"version": "0.5.2",
			"resolved": "https://registry.npmjs.org/@ngrok/ngrok-darwin-arm64/-/ngrok-darwin-arm64-0.5.2.tgz",
			"integrity": "sha512-6OcddF5wioQIuawXh1ONxmIywP5GskVT7H4MeKp5BjN2s9sIr7zhy7JBkwfAXFvNJtqw1dasV6JbYeGWXYCBnQ==",
			"cpu": [
				"arm64"
			],
			"license": "MIT",
			"optional": true,
			"os": [
				"darwin"
			],
			"engines": {
				"node": ">= 10"
			}
		},
		"node_modules/@ngrok/ngrok-darwin-universal": {
			"version": "0.5.2",
			"resolved": "https://registry.npmjs.org/@ngrok/ngrok-darwin-universal/-/ngrok-darwin-universal-0.5.2.tgz",
			"integrity": "sha512-g3Q8qn5Z62m/z9zNxDGCMYVOgMBCXbZmNVpsfmhSBze5Rp1a1mUtloem8FvBeS9LyZYbXpbUbpeo2eJvZjF6Qg==",
			"license": "MIT",
			"optional": true,
			"os": [
				"darwin"
			],
			"engines": {
				"node": ">= 10"
			}
		},
		"node_modules/@ngrok/ngrok-darwin-x64": {
			"version": "0.5.2",
			"resolved": "https://registry.npmjs.org/@ngrok/ngrok-darwin-x64/-/ngrok-darwin-x64-0.5.2.tgz",
			"integrity": "sha512-/s+R2qGbkYUrzXkNBsrdpftGj80ZTnIzHVsvPsOhnSU0rOcWJ/+/MN/Be0f8AXw7uHBRr+i7smVYW9sSIfroKw==",
			"cpu": [
				"x64"
			],
			"license": "MIT",
			"optional": true,
			"os": [
				"darwin"
			],
			"engines": {
				"node": ">= 10"
			}
		},
		"node_modules/@ngrok/ngrok-freebsd-x64": {
			"version": "0.5.2",
			"resolved": "https://registry.npmjs.org/@ngrok/ngrok-freebsd-x64/-/ngrok-freebsd-x64-0.5.2.tgz",
			"integrity": "sha512-D2TVtW6ug8pFFR6Yrq/Q4XvYslIvQFbouSNyy7wvsZ/ZqSHwXR8XU3rG9D2+QnMG4qRS0DpUcf3qLQPWdWJAVw==",
			"cpu": [
				"x64"
			],
			"license": "MIT",
			"optional": true,
			"os": [
				"freebsd"
			],
			"engines": {
				"node": ">= 10"
			}
		},
		"node_modules/@ngrok/ngrok-linux-arm-gnueabihf": {
			"version": "0.5.2",
			"resolved": "https://registry.npmjs.org/@ngrok/ngrok-linux-arm-gnueabihf/-/ngrok-linux-arm-gnueabihf-0.5.2.tgz",
			"integrity": "sha512-3euA0sbSI6+AX8qrpjgpJSjW16IKnFjLtzN9DZo/QLajc237Vq1gc1/8GWD/zI1zT+zquIFR9clq0SRRwO83pQ==",
			"cpu": [
				"arm"
			],
			"license": "MIT",
			"optional": true,
			"os": [
				"linux"
			],
			"engines": {
				"node": ">= 10"
			}
		},
		"node_modules/@ngrok/ngrok-linux-arm64-gnu": {
			"version": "0.5.2",
			"resolved": "https://registry.npmjs.org/@ngrok/ngrok-linux-arm64-gnu/-/ngrok-linux-arm64-gnu-0.5.2.tgz",
			"integrity": "sha512-O5nEuB2wIG6IoX6bon7vAnhCqbC54bPfkul5wsNA9+A17GkmsFVwpKs0wI0a2OoskmyG2DRKo9DSXS+AwsJ6Xg==",
			"cpu": [
				"arm64"
			],
			"license": "MIT",
			"optional": true,
			"os": [
				"linux"
			],
			"engines": {
				"node": ">= 10"
			}
		},
		"node_modules/@ngrok/ngrok-linux-arm64-musl": {
			"version": "0.5.2",
			"resolved": "https://registry.npmjs.org/@ngrok/ngrok-linux-arm64-musl/-/ngrok-linux-arm64-musl-0.5.2.tgz",
			"integrity": "sha512-BryCXIGzaA3YPJ3OgSbOX3VHlDm7c7tj1dYI3PfQyI2Od7HC1uRUv4FRZgwl+OjY/AckXFm02oV1H6ho+iJqgA==",
			"cpu": [
				"arm64"
			],
			"license": "MIT",
			"optional": true,
			"os": [
				"linux"
			],
			"engines": {
				"node": ">= 10"
			}
		},
		"node_modules/@ngrok/ngrok-linux-x64-gnu": {
			"version": "0.5.2",
			"resolved": "https://registry.npmjs.org/@ngrok/ngrok-linux-x64-gnu/-/ngrok-linux-x64-gnu-0.5.2.tgz",
			"integrity": "sha512-6S4m4Tqbf4vxFAFY7b9U2NuhujxcHKWR3lR4Na9aLWR9VBg2E/3Qa0nTvfWk+SGBilU03QELKaT3yYhLz/Y2zw==",
			"cpu": [
				"x64"
			],
			"license": "MIT",
			"optional": true,
			"os": [
				"linux"
			],
			"engines": {
				"node": ">= 10"
			}
		},
		"node_modules/@ngrok/ngrok-linux-x64-musl": {
			"version": "0.5.2",
			"resolved": "https://registry.npmjs.org/@ngrok/ngrok-linux-x64-musl/-/ngrok-linux-x64-musl-0.5.2.tgz",
			"integrity": "sha512-33tt/nOTUm/QN1xx2jvqQpBSv5tOn2LrU0MXuvoTQFOOr0XwrlqaZguyFhdGoU5J5bPaecw5lfhZb2JH3zJliQ==",
			"cpu": [
				"x64"
			],
			"license": "MIT",
			"optional": true,
			"os": [
				"linux"
			],
			"engines": {
				"node": ">= 10"
			}
		},
		"node_modules/@ngrok/ngrok-win32-ia32-msvc": {
			"version": "0.5.2",
			"resolved": "https://registry.npmjs.org/@ngrok/ngrok-win32-ia32-msvc/-/ngrok-win32-ia32-msvc-0.5.2.tgz",
			"integrity": "sha512-rJ4+JP6TrWYmw6iaUwQEKoTIxX7vKGWJh9b2RL0ZcRbb8FMTZWY9KoyogkxSZDfx4BuTz2kSe4AMqe5RRhFt6Q==",
			"cpu": [
				"ia32"
			],
			"license": "MIT",
			"optional": true,
			"os": [
				"win32"
			],
			"engines": {
				"node": ">= 10"
			}
		},
		"node_modules/@ngrok/ngrok-win32-x64-msvc": {
			"version": "0.5.2",
			"resolved": "https://registry.npmjs.org/@ngrok/ngrok-win32-x64-msvc/-/ngrok-win32-x64-msvc-0.5.2.tgz",
			"integrity": "sha512-FMdljqqhbilwoY0FLb8iEW3179WkAHwb3i2e3U/XrqTlO1nvF8hbjoWLesrLzAICY9wSH5mgqC7i6qxHAA1Neg==",
			"cpu": [
				"x64"
			],
			"license": "MIT",
			"optional": true,
			"os": [
				"win32"
			],
			"engines": {
				"node": ">= 10"
			}
		},
		"node_modules/@sapphire/async-queue": {
			"version": "1.5.5",
			"resolved": "https://registry.npmjs.org/@sapphire/async-queue/-/async-queue-1.5.5.tgz",
			"integrity": "sha512-cvGzxbba6sav2zZkH8GPf2oGk9yYoD5qrNWdu9fRehifgnFZJMV+nuy2nON2roRO4yQQ+v7MK/Pktl/HgfsUXg==",
			"license": "MIT",
			"engines": {
				"node": ">=v14.0.0",
				"npm": ">=7.0.0"
			}
		},
		"node_modules/@sapphire/shapeshift": {
			"version": "4.0.0",
			"resolved": "https://registry.npmjs.org/@sapphire/shapeshift/-/shapeshift-4.0.0.tgz",
			"integrity": "sha512-d9dUmWVA7MMiKobL3VpLF8P2aeanRTu6ypG2OIaEv/ZHH/SUQ2iHOVyi5wAPjQ+HmnMuL0whK9ez8I/raWbtIg==",
			"license": "MIT",
			"dependencies": {
				"fast-deep-equal": "^3.1.3",
				"lodash": "^4.17.21"
			},
			"engines": {
				"node": ">=v16"
			}
		},
		"node_modules/@sapphire/snowflake": {
			"version": "3.5.3",
			"resolved": "https://registry.npmjs.org/@sapphire/snowflake/-/snowflake-3.5.3.tgz",
			"integrity": "sha512-jjmJywLAFoWeBi1W7994zZyiNWPIiqRRNAmSERxyg93xRGzNYvGjlZ0gR6x0F4gPRi2+0O6S71kOZYyr3cxaIQ==",
			"license": "MIT",
			"engines": {
				"node": ">=v14.0.0",
				"npm": ">=7.0.0"
			}
		},
		"node_modules/@twurple/api": {
			"version": "8.0.2",
			"resolved": "https://registry.npmjs.org/@twurple/api/-/api-8.0.2.tgz",
			"integrity": "sha512-zBWU/UaNGjCu5IQzYTWJONbG7FyXtDP5TYRVIKdUqZ3EXCi9H6j6kcx+GVNfikd3zx7boHDVZqCzOt4VGdgsPA==",
			"license": "MIT",
			"peer": true,
			"dependencies": {
				"@d-fischer/cache-decorators": "^4.0.0",
				"@d-fischer/detect-node": "^3.0.1",
				"@d-fischer/logger": "^4.2.1",
				"@d-fischer/rate-limiter": "^1.1.0",
				"@d-fischer/shared-utils": "^3.6.1",
				"@d-fischer/typed-event-emitter": "^3.3.1",
				"@twurple/api-call": "8.0.2",
				"@twurple/common": "8.0.2",
				"retry": "^0.13.1",
				"tslib": "^2.0.3"
			},
			"funding": {
				"url": "https://github.com/sponsors/d-fischer"
			},
			"peerDependencies": {
				"@twurple/auth": "8.0.2"
			}
		},
		"node_modules/@twurple/api-call": {
			"version": "8.0.2",
			"resolved": "https://registry.npmjs.org/@twurple/api-call/-/api-call-8.0.2.tgz",
			"integrity": "sha512-Qalqb20+VdFKcRpWe9lRoatLxbsCCcbUS70ODQ0pcRgNvVYO4SIL1FcoOwNK+ra1Gtu7x2DdYnJn1Era1HhIOg==",
			"license": "MIT",
			"dependencies": {
				"@d-fischer/shared-utils": "^3.6.1",
				"@twurple/common": "8.0.2",
				"tslib": "^2.0.3"
			},
			"funding": {
				"url": "https://github.com/sponsors/d-fischer"
			}
		},
		"node_modules/@twurple/auth": {
			"version": "8.0.2",
			"resolved": "https://registry.npmjs.org/@twurple/auth/-/auth-8.0.2.tgz",
			"integrity": "sha512-FbkZqvyw7ZedMdXKP2xDQ/G22EY56LB0J14yZXHfrcLDnh7yofgAe8nQAT4gDIF+kl51AnMxt1Zsay6C8b2Gmw==",
			"license": "MIT",
			"peer": true,
			"dependencies": {
				"@d-fischer/logger": "^4.2.1",
				"@d-fischer/shared-utils": "^3.6.1",
				"@d-fischer/typed-event-emitter": "^3.3.1",
				"@twurple/api-call": "8.0.2",
				"@twurple/common": "8.0.2",
				"tslib": "^2.0.3"
			},
			"funding": {
				"url": "https://github.com/sponsors/d-fischer"
			}
		},
		"node_modules/@twurple/common": {
			"version": "8.0.2",
			"resolved": "https://registry.npmjs.org/@twurple/common/-/common-8.0.2.tgz",
			"integrity": "sha512-67PpI8z0KAQhgjpf4vdKLC/jur7iHFay4whtJ4EP+Tj/qHBqgfjHxKIhFpRJqpTb+68TpUz0v2J5CVA7ugMDuQ==",
			"license": "MIT",
			"dependencies": {
				"@d-fischer/shared-utils": "^3.6.1",
				"klona": "^2.0.4",
				"tslib": "^2.0.3"
			},
			"funding": {
				"url": "https://github.com/sponsors/d-fischer"
			}
		},
		"node_modules/@twurple/eventsub-base": {
			"version": "8.0.2",
			"resolved": "https://registry.npmjs.org/@twurple/eventsub-base/-/eventsub-base-8.0.2.tgz",
			"integrity": "sha512-WY+BSmUTndwHFPUlqRC0XVc2jx+U7gCzeMIOM6Z1dc1syb4WDYGLIY3pRMVSYuCM/ZC3t8V4g+/xormQIhpbcA==",
			"license": "MIT",
			"dependencies": {
				"@d-fischer/logger": "^4.2.1",
				"@d-fischer/shared-utils": "^3.6.1",
				"@d-fischer/typed-event-emitter": "^3.3.0",
				"@twurple/api": "8.0.2",
				"@twurple/auth": "8.0.2",
				"@twurple/common": "8.0.2",
				"tslib": "^2.0.3"
			},
			"funding": {
				"url": "https://github.com/sponsors/d-fischer"
			}
		},
		"node_modules/@twurple/eventsub-http": {
			"version": "8.0.2",
			"resolved": "https://registry.npmjs.org/@twurple/eventsub-http/-/eventsub-http-8.0.2.tgz",
			"integrity": "sha512-FiSG4F7RvujNCnHk8PeoQnTsBXbef36iwA4f1MgunawDDRoRs3bggQRMC5RcMTVfsl2qSdiYeC6eMqo4vfUaRw==",
			"license": "MIT",
			"peer": true,
			"dependencies": {
				"@d-fischer/logger": "^4.2.1",
				"@d-fischer/shared-utils": "^3.6.1",
				"@d-fischer/typed-event-emitter": "^3.3.0",
				"@twurple/auth": "8.0.2",
				"@twurple/common": "8.0.2",
				"@twurple/eventsub-base": "8.0.2",
				"@types/express-serve-static-core": "^5.1.0",
				"httpanda": "^0.4.6",
				"raw-body": "^3.0.2",
				"tslib": "^2.0.3"
			},
			"funding": {
				"url": "https://github.com/sponsors/d-fischer"
			},
			"peerDependencies": {
				"@twurple/api": "8.0.2"
			}
		},
		"node_modules/@twurple/eventsub-ngrok": {
			"version": "8.0.2",
			"resolved": "https://registry.npmjs.org/@twurple/eventsub-ngrok/-/eventsub-ngrok-8.0.2.tgz",
			"integrity": "sha512-6QPkU+FSDEEQbg4ECawAdNwNqXdDKJ36w35lPswEwH4ZuNo2pnyDs3dgp2psan8AQENe3AjtxqJ1KUQAIkQsOQ==",
			"license": "MIT",
			"dependencies": {
				"@d-fischer/shared-utils": "^3.6.1",
				"@ngrok/ngrok": "^0.5.1",
				"tslib": "^2.0.3"
			},
			"funding": {
				"url": "https://github.com/sponsors/d-fischer"
			},
			"peerDependencies": {
				"@twurple/api": "8.0.2",
				"@twurple/eventsub-http": "8.0.2"
			}
		},
		"node_modules/@types/config": {
			"version": "3.3.5",
			"resolved": "https://registry.npmjs.org/@types/config/-/config-3.3.5.tgz",
			"integrity": "sha512-itq2HtXQBrNUKwMNZnb9mBRE3T99VYCdl1gjST9rq+9kFaB1iMMGuDeZnP88qid73DnpAMKH9ZolqDpS1Lz7+w==",
			"dev": true,
			"license": "MIT"
		},
		"node_modules/@types/express-serve-static-core": {
			"version": "5.1.1",
			"resolved": "https://registry.npmjs.org/@types/express-serve-static-core/-/express-serve-static-core-5.1.1.tgz",
			"integrity": "sha512-v4zIMr/cX7/d2BpAEX3KNKL/JrT1s43s96lLvvdTmza1oEvDudCqK9aF/djc/SWgy8Yh0h30TZx5VpzqFCxk5A==",
			"license": "MIT",
			"dependencies": {
				"@types/node": "*",
				"@types/qs": "*",
				"@types/range-parser": "*",
				"@types/send": "*"
			}
		},
		"node_modules/@types/node": {
			"version": "24.10.7",
			"resolved": "https://registry.npmjs.org/@types/node/-/node-24.10.7.tgz",
			"integrity": "sha512-+054pVMzVTmRQV8BhpGv3UyfZ2Llgl8rdpDTon+cUH9+na0ncBVXj3wTUKh14+Kiz18ziM3b4ikpP5/Pc0rQEQ==",
			"license": "MIT",
			"dependencies": {
				"undici-types": "~7.16.0"
			}
		},
		"node_modules/@types/qs": {
			"version": "6.14.0",
			"resolved": "https://registry.npmjs.org/@types/qs/-/qs-6.14.0.tgz",
			"integrity": "sha512-eOunJqu0K1923aExK6y8p6fsihYEn/BYuQ4g0CxAAgFc4b/ZLN4CrsRZ55srTdqoiLzU2B2evC+apEIxprEzkQ==",
			"license": "MIT"
		},
		"node_modules/@types/range-parser": {
			"version": "1.2.7",
			"resolved": "https://registry.npmjs.org/@types/range-parser/-/range-parser-1.2.7.tgz",
			"integrity": "sha512-hKormJbkJqzQGhziax5PItDUTMAM9uE2XXQmM37dyd4hVM+5aVl7oVxMVUiVQn2oCQFN/LKCZdvSM0pFRqbSmQ==",
			"license": "MIT"
		},
		"node_modules/@types/send": {
			"version": "1.2.1",
			"resolved": "https://registry.npmjs.org/@types/send/-/send-1.2.1.tgz",
			"integrity": "sha512-arsCikDvlU99zl1g69TcAB3mzZPpxgw0UQnaHeC1Nwb015xp8bknZv5rIfri9xTOcMuaVgvabfIRA7PSZVuZIQ==",
			"license": "MIT",
			"dependencies": {
				"@types/node": "*"
			}
		},
		"node_modules/@types/ws": {
			"version": "8.18.1",
			"resolved": "https://registry.npmjs.org/@types/ws/-/ws-8.18.1.tgz",
			"integrity": "sha512-ThVF6DCVhA8kUGy+aazFQ4kXQ7E1Ty7A3ypFOe0IcJV8O/M511G99AW24irKrW56Wt44yG9+ij8FaqoBGkuBXg==",
			"license": "MIT",
			"dependencies": {
				"@types/node": "*"
			}
		},
		"node_modules/@vladfrangu/async_event_emitter": {
			"version": "2.4.7",
			"resolved": "https://registry.npmjs.org/@vladfrangu/async_event_emitter/-/async_event_emitter-2.4.7.tgz",
			"integrity": "sha512-Xfe6rpCTxSxfbswi/W/Pz7zp1WWSNn4A0eW4mLkQUewCrXXtMj31lCg+iQyTkh/CkusZSq9eDflu7tjEDXUY6g==",
			"license": "MIT",
			"engines": {
				"node": ">=v14.0.0",
				"npm": ">=7.0.0"
			}
		},
		"node_modules/ajv": {
			"version": "8.17.1",
			"resolved": "https://registry.npmjs.org/ajv/-/ajv-8.17.1.tgz",
			"integrity": "sha512-B/gBuNg5SiMTrPkC+A2+cW0RszwxYmn6VYxB/inlBStS5nx6xHIt/ehKRhIMhqusl7a8LjQoZnjCs5vhwxOQ1g==",
			"license": "MIT",
			"dependencies": {
				"fast-deep-equal": "^3.1.3",
				"fast-uri": "^3.0.1",
				"json-schema-traverse": "^1.0.0",
				"require-from-string": "^2.0.2"
			},
			"funding": {
				"type": "github",
				"url": "https://github.com/sponsors/epoberezkin"
			}
		},
		"node_modules/ansi-regex": {
			"version": "5.0.1",
			"resolved": "https://registry.npmjs.org/ansi-regex/-/ansi-regex-5.0.1.tgz",
			"integrity": "sha512-quJQXlTSUGL2LH9SUXo8VwsY4soanhgo6LNSm84E1LBcE8s3O0wpdiRzyR9z/ZZJMlMWv37qOOb9pdJlMUEKFQ==",
			"license": "MIT",
			"engines": {
				"node": ">=8"
			}
		},
		"node_modules/ansi-styles": {
			"version": "4.3.0",
			"resolved": "https://registry.npmjs.org/ansi-styles/-/ansi-styles-4.3.0.tgz",
			"integrity": "sha512-zbB9rCJAT1rbjiVDb2hqKFHNYLxgtk8NURxZ3IZwD3F6NtxbXZQCnnSi1Lkx+IDohdPlFp222wVALIheZJQSEg==",
			"license": "MIT",
			"dependencies": {
				"color-convert": "^2.0.1"
			},
			"engines": {
				"node": ">=8"
			},
			"funding": {
				"url": "https://github.com/chalk/ansi-styles?sponsor=1"
			}
		},
		"node_modules/argparse": {
			"version": "2.0.1",
			"resolved": "https://registry.npmjs.org/argparse/-/argparse-2.0.1.tgz",
			"integrity": "sha512-8+9WqebbFzpX9OR+Wa6O29asIogeRMzcGtAINdpMHHyAg10f05aSFVBbcEqGf/PXw1EjAZ+q2/bEBg3DvurK3Q==",
			"license": "Python-2.0"
		},
		"node_modules/astral-regex": {
			"version": "2.0.0",
			"resolved": "https://registry.npmjs.org/astral-regex/-/astral-regex-2.0.0.tgz",
			"integrity": "sha512-Z7tMw1ytTXt5jqMcOP+OQteU1VuNK9Y02uuJtKQ1Sv69jXQKKg5cibLwGJow8yzZP+eAc18EmLGPal0bp36rvQ==",
			"license": "MIT",
			"engines": {
				"node": ">=8"
			}
		},
		"node_modules/bytes": {
			"version": "3.1.2",
			"resolved": "https://registry.npmjs.org/bytes/-/bytes-3.1.2.tgz",
			"integrity": "sha512-/Nf7TyzTx6S3yRJObOAV7956r8cr2+Oj8AC5dt8wSP3BQAoeX58NoHyCU8P8zGkNXStjTSi6fzO6F0pBdcYbEg==",
			"license": "MIT",
			"engines": {
				"node": ">= 0.8"
			}
		},
		"node_modules/color-convert": {
			"version": "2.0.1",
			"resolved": "https://registry.npmjs.org/color-convert/-/color-convert-2.0.1.tgz",
			"integrity": "sha512-RRECPsj7iu/xb5oKYcsFHSppFNnsj/52OVTRKb4zP5onXwVF3zVmmToNcOfGC+CRDpfK/U584fMg38ZHCaElKQ==",
			"license": "MIT",
			"dependencies": {
				"color-name": "~1.1.4"
			},
			"engines": {
				"node": ">=7.0.0"
			}
		},
		"node_modules/color-name": {
			"version": "1.1.4",
			"resolved": "https://registry.npmjs.org/color-name/-/color-name-1.1.4.tgz",
			"integrity": "sha512-dOy+3AuW3a2wNbZHIuMZpTcgjGuLU/uBL/ubcZF9OXbDo8ff4O8yVp5Bf0efS8uEoYo5q4Fx7dY9OgQGXgAsQA==",
			"license": "MIT"
		},
		"node_modules/config": {
			"version": "4.1.1",
			"resolved": "https://registry.npmjs.org/config/-/config-4.1.1.tgz",
			"integrity": "sha512-jljfwqNZ7QHwAW9Z9NDZdJARFiu5pjLqQO0K4ooY22iY/bIY78n0afI4ANEawfgQOxri0K/3oTayX8XIauWcLA==",
			"license": "MIT",
			"dependencies": {
				"json5": "^2.2.3"
			},
			"engines": {
				"node": ">= 20.0.0"
			}
		},
		"node_modules/date-format": {
			"version": "4.0.14",
			"resolved": "https://registry.npmjs.org/date-format/-/date-format-4.0.14.tgz",
			"integrity": "sha512-39BOQLs9ZjKh0/patS9nrT8wc3ioX3/eA/zgbKNopnF2wCqJEoxywwwElATYvRsXdnOxA/OQeQoFZ3rFjVajhg==",
			"license": "MIT",
			"engines": {
				"node": ">=4.0"
			}
		},
		"node_modules/debug": {
			"version": "4.4.3",
			"resolved": "https://registry.npmjs.org/debug/-/debug-4.4.3.tgz",
			"integrity": "sha512-RGwwWnwQvkVfavKVt22FGLw+xYSdzARwm0ru6DhTVA3umU5hZc28V3kO4stgYryrTlLpuvgI9GiijltAjNbcqA==",
			"license": "MIT",
			"dependencies": {
				"ms": "^2.1.3"
			},
			"engines": {
				"node": ">=6.0"
			},
			"peerDependenciesMeta": {
				"supports-color": {
					"optional": true
				}
			}
		},
		"node_modules/depd": {
			"version": "2.0.0",
			"resolved": "https://registry.npmjs.org/depd/-/depd-2.0.0.tgz",
			"integrity": "sha512-g7nH6P6dyDioJogAAGprGpCtVImJhpPk/roCzdb3fIh61/s/nPsfR6onyMwkCAR/OlC3yBC0lESvUoQEAssIrw==",
			"license": "MIT",
			"engines": {
				"node": ">= 0.8"
			}
		},
		"node_modules/discord-api-types": {
			"version": "0.38.37",
			"resolved": "https://registry.npmjs.org/discord-api-types/-/discord-api-types-0.38.37.tgz",
			"integrity": "sha512-Cv47jzY1jkGkh5sv0bfHYqGgKOWO1peOrGMkDFM4UmaGMOTgOW8QSexhvixa9sVOiz8MnVOBryWYyw/CEVhj7w==",
			"license": "MIT",
			"workspaces": [
				"scripts/actions/documentation"
			]
		},
		"node_modules/discord.js": {
			"version": "14.25.1",
			"resolved": "https://registry.npmjs.org/discord.js/-/discord.js-14.25.1.tgz",
			"integrity": "sha512-2l0gsPOLPs5t6GFZfQZKnL1OJNYFcuC/ETWsW4VtKVD/tg4ICa9x+jb9bkPffkMdRpRpuUaO/fKkHCBeiCKh8g==",
			"license": "Apache-2.0",
			"dependencies": {
				"@discordjs/builders": "^1.13.0",
				"@discordjs/collection": "1.5.3",
				"@discordjs/formatters": "^0.6.2",
				"@discordjs/rest": "^2.6.0",
				"@discordjs/util": "^1.2.0",
				"@discordjs/ws": "^1.2.3",
				"@sapphire/snowflake": "3.5.3",
				"discord-api-types": "^0.38.33",
				"fast-deep-equal": "3.1.3",
				"lodash.snakecase": "4.1.1",
				"magic-bytes.js": "^1.10.0",
				"tslib": "^2.6.3",
				"undici": "6.21.3"
			},
			"engines": {
				"node": ">=18"
			},
			"funding": {
				"url": "https://github.com/discordjs/discord.js?sponsor"
			}
		},
		"node_modules/emoji-regex": {
			"version": "8.0.0",
			"resolved": "https://registry.npmjs.org/emoji-regex/-/emoji-regex-8.0.0.tgz",
			"integrity": "sha512-MSjYzcWNOA0ewAHpz0MxpYFvwg6yjy1NG3xteoqz644VCo/RPgnr1/GGt+ic3iJTzQ8Eu3TdM14SawnVUmGE6A==",
			"license": "MIT"
		},
		"node_modules/fast-deep-equal": {
			"version": "3.1.3",
			"resolved": "https://registry.npmjs.org/fast-deep-equal/-/fast-deep-equal-3.1.3.tgz",
			"integrity": "sha512-f3qQ9oQy9j2AhBe/H9VC91wLmKBCCU/gDOnKNAYG5hswO7BLKj09Hc5HYNz9cGI++xlpDCIgDaitVs03ATR84Q==",
			"license": "MIT"
		},
		"node_modules/fast-uri": {
			"version": "3.1.0",
			"resolved": "https://registry.npmjs.org/fast-uri/-/fast-uri-3.1.0.tgz",
			"integrity": "sha512-iPeeDKJSWf4IEOasVVrknXpaBV0IApz/gp7S2bb7Z4Lljbl2MGJRqInZiUrQwV16cpzw/D3S5j5Julj/gT52AA==",
			"funding": [
				{
					"type": "github",
					"url": "https://github.com/sponsors/fastify"
				},
				{
					"type": "opencollective",
					"url": "https://opencollective.com/fastify"
				}
			],
			"license": "BSD-3-Clause"
		},
		"node_modules/flatted": {
			"version": "3.3.3",
			"resolved": "https://registry.npmjs.org/flatted/-/flatted-3.3.3.tgz",
			"integrity": "sha512-GX+ysw4PBCz0PzosHDepZGANEuFCMLrnRTiEy9McGjmkCQYwRq4A/X786G/fjM/+OjsWSU1ZrY5qyARZmO/uwg==",
			"license": "ISC"
		},
		"node_modules/fs-extra": {
			"version": "8.1.0",
			"resolved": "https://registry.npmjs.org/fs-extra/-/fs-extra-8.1.0.tgz",
			"integrity": "sha512-yhlQgA6mnOJUKOsRUFsgJdQCvkKhcz8tlZG5HBQfReYZy46OwLcY+Zia0mtdHsOo9y/hP+CxMN0TU9QxoOtG4g==",
			"license": "MIT",
			"dependencies": {
				"graceful-fs": "^4.2.0",
				"jsonfile": "^4.0.0",
				"universalify": "^0.1.0"
			},
			"engines": {
				"node": ">=6 <7 || >=8"
			}
		},
		"node_modules/graceful-fs": {
			"version": "4.2.11",
			"resolved": "https://registry.npmjs.org/graceful-fs/-/graceful-fs-4.2.11.tgz",
			"integrity": "sha512-RbJ5/jmFcNNCcDV5o9eTnBLJ/HszWV0P73bc+Ff4nS/rJj+YaS6IGyiOL0VoBYX+l1Wrl3k63h/KrH+nhJ0XvQ==",
			"license": "ISC"
		},
		"node_modules/http-errors": {
			"version": "2.0.1",
			"resolved": "https://registry.npmjs.org/http-errors/-/http-errors-2.0.1.tgz",
			"integrity": "sha512-4FbRdAX+bSdmo4AUFuS0WNiPz8NgFt+r8ThgNWmlrjQjt1Q7ZR9+zTlce2859x4KSXrwIsaeTqDoKQmtP8pLmQ==",
			"license": "MIT",
			"dependencies": {
				"depd": "~2.0.0",
				"inherits": "~2.0.4",
				"setprototypeof": "~1.2.0",
				"statuses": "~2.0.2",
				"toidentifier": "~1.0.1"
			},
			"engines": {
				"node": ">= 0.8"
			},
			"funding": {
				"type": "opencollective",
				"url": "https://opencollective.com/express"
			}
		},
		"node_modules/httpanda": {
			"version": "0.4.7",
			"resolved": "https://registry.npmjs.org/httpanda/-/httpanda-0.4.7.tgz",
			"integrity": "sha512-NieTiR7kfOheL9OeEi6+JKFmJ2JP9ZRqUQ4tiXZ9J+EMMKxApHUQlEM5l4gZ+l67lxE9Er6oigZnujmhlodNCg==",
			"license": "MIT",
			"dependencies": {
				"@types/node": "^14.11.2",
				"tslib": "^2.0.3"
			},
			"funding": {
				"url": "https://github.com/sponsors/d-fischer"
			}
		},
		"node_modules/httpanda/node_modules/@types/node": {
			"version": "14.18.63",
			"resolved": "https://registry.npmjs.org/@types/node/-/node-14.18.63.tgz",
			"integrity": "sha512-fAtCfv4jJg+ExtXhvCkCqUKZ+4ok/JQk01qDKhL5BDDoS3AxKXhV5/MAVUZyQnSEd2GT92fkgZl0pz0Q0AzcIQ==",
			"license": "MIT"
		},
		"node_modules/iconv-lite": {
			"version": "0.7.2",
			"resolved": "https://registry.npmjs.org/iconv-lite/-/iconv-lite-0.7.2.tgz",
			"integrity": "sha512-im9DjEDQ55s9fL4EYzOAv0yMqmMBSZp6G0VvFyTMPKWxiSBHUj9NW/qqLmXUwXrrM7AvqSlTCfvqRb0cM8yYqw==",
			"license": "MIT",
			"dependencies": {
				"safer-buffer": ">= 2.1.2 < 3.0.0"
			},
			"engines": {
				"node": ">=0.10.0"
			},
			"funding": {
				"type": "opencollective",
				"url": "https://opencollective.com/express"
			}
		},
		"node_modules/inherits": {
			"version": "2.0.4",
			"resolved": "https://registry.npmjs.org/inherits/-/inherits-2.0.4.tgz",
			"integrity": "sha512-k/vGaX4/Yla3WzyMCvTQOXYeIHvqOKtnqBduzTHpzpQZzAskKMhZ2K+EnBiSM9zGSoIFeMpXKxa4dYeZIQqewQ==",
			"license": "ISC"
		},
		"node_modules/is-fullwidth-code-point": {
			"version": "3.0.0",
			"resolved": "https://registry.npmjs.org/is-fullwidth-code-point/-/is-fullwidth-code-point-3.0.0.tgz",
			"integrity": "sha512-zymm5+u+sCsSWyD9qNaejV3DFvhCKclKdizYaJUuHA83RLjb7nSuGnddCHGv0hk+KY7BMAlsWeK4Ueg6EV6XQg==",
			"license": "MIT",
			"engines": {
				"node": ">=8"
			}
		},
		"node_modules/js-yaml": {
			"version": "4.1.1",
			"resolved": "https://registry.npmjs.org/js-yaml/-/js-yaml-4.1.1.tgz",
			"integrity": "sha512-qQKT4zQxXl8lLwBtHMWwaTcGfFOZviOJet3Oy/xmGk2gZH677CJM9EvtfdSkgWcATZhj/55JZ0rmy3myCT5lsA==",
			"license": "MIT",
			"dependencies": {
				"argparse": "^2.0.1"
			},
			"bin": {
				"js-yaml": "bin/js-yaml.js"
			}
		},
		"node_modules/json-schema-traverse": {
			"version": "1.0.0",
			"resolved": "https://registry.npmjs.org/json-schema-traverse/-/json-schema-traverse-1.0.0.tgz",
			"integrity": "sha512-NM8/P9n3XjXhIZn1lLhkFaACTOURQXjWhV4BA/RnOv8xvgqtqpAX9IO4mRQxSx1Rlo4tqzeqb0sOlruaOy3dug==",
			"license": "MIT"
		},
		"node_modules/json5": {
			"version": "2.2.3",
			"resolved": "https://registry.npmjs.org/json5/-/json5-2.2.3.tgz",
			"integrity": "sha512-XmOWe7eyHYH14cLdVPoyg+GOH3rYX++KpzrylJwSW98t3Nk+U8XOl8FWKOgwtzdb8lXGf6zYwDUzeHMWfxasyg==",
			"license": "MIT",
			"bin": {
				"json5": "lib/cli.js"
			},
			"engines": {
				"node": ">=6"
			}
		},
		"node_modules/jsonfile": {
			"version": "4.0.0",
			"resolved": "https://registry.npmjs.org/jsonfile/-/jsonfile-4.0.0.tgz",
			"integrity": "sha512-m6F1R3z8jjlf2imQHS2Qez5sjKWQzbuuhuJ/FKYFRZvPE3PuHcSMVZzfsLhGVOkfd20obL5SWEBew5ShlquNxg==",
			"license": "MIT",
			"optionalDependencies": {
				"graceful-fs": "^4.1.6"
			}
		},
		"node_modules/klona": {
			"version": "2.0.6",
			"resolved": "https://registry.npmjs.org/klona/-/klona-2.0.6.tgz",
			"integrity": "sha512-dhG34DXATL5hSxJbIexCft8FChFXtmskoZYnoPWjXQuebWYCNkVeV3KkGegCK9CP1oswI/vQibS2GY7Em/sJJA==",
			"license": "MIT",
			"engines": {
				"node": ">= 8"
			}
		},
		"node_modules/lodash": {
			"version": "4.17.21",
			"resolved": "https://registry.npmjs.org/lodash/-/lodash-4.17.21.tgz",
			"integrity": "sha512-v2kDEe57lecTulaDIuNTPy3Ry4gLGJ6Z1O3vE1krgXZNrsQ+LFTGHVxVjcXPs17LhbZVGedAJv8XZ1tvj5FvSg==",
			"license": "MIT"
		},
		"node_modules/lodash.snakecase": {
			"version": "4.1.1",
			"resolved": "https://registry.npmjs.org/lodash.snakecase/-/lodash.snakecase-4.1.1.tgz",
			"integrity": "sha512-QZ1d4xoBHYUeuouhEq3lk3Uq7ldgyFXGBhg04+oRLnIz8o9T65Eh+8YdroUwn846zchkA9yDsDl5CVVaV2nqYw==",
			"license": "MIT"
		},
		"node_modules/lodash.truncate": {
			"version": "4.4.2",
			"resolved": "https://registry.npmjs.org/lodash.truncate/-/lodash.truncate-4.4.2.tgz",
			"integrity": "sha512-jttmRe7bRse52OsWIMDLaXxWqRAmtIUccAQ3garviCqJjafXOfNMO0yMfNpdD6zbGaTU0P5Nz7e7gAT6cKmJRw==",
			"license": "MIT"
		},
		"node_modules/log4js": {
			"version": "6.9.1",
			"resolved": "https://registry.npmjs.org/log4js/-/log4js-6.9.1.tgz",
			"integrity": "sha512-1somDdy9sChrr9/f4UlzhdaGfDR2c/SaD2a4T7qEkG4jTS57/B3qmnjLYePwQ8cqWnUHZI0iAKxMBpCZICiZ2g==",
			"license": "Apache-2.0",
			"dependencies": {
				"date-format": "^4.0.14",
				"debug": "^4.3.4",
				"flatted": "^3.2.7",
				"rfdc": "^1.3.0",
				"streamroller": "^3.1.5"
			},
			"engines": {
				"node": ">=8.0"
			}
		},
		"node_modules/magic-bytes.js": {
			"version": "1.12.1",
			"resolved": "https://registry.npmjs.org/magic-bytes.js/-/magic-bytes.js-1.12.1.tgz",
			"integrity": "sha512-ThQLOhN86ZkJ7qemtVRGYM+gRgR8GEXNli9H/PMvpnZsE44Xfh3wx9kGJaldg314v85m+bFW6WBMaVHJc/c3zA==",
			"license": "MIT"
		},
		"node_modules/ms": {
			"version": "2.1.3",
			"resolved": "https://registry.npmjs.org/ms/-/ms-2.1.3.tgz",
			"integrity": "sha512-6FlzubTLZG3J2a/NVCAleEhjzq5oxgHyaCU9yYXvcLsvoVaHJq/s5xXI6/XXP6tz7R9xAOtHnSO/tXtF3WRTlA==",
			"license": "MIT"
		},
		"node_modules/raw-body": {
			"version": "3.0.2",
			"resolved": "https://registry.npmjs.org/raw-body/-/raw-body-3.0.2.tgz",
			"integrity": "sha512-K5zQjDllxWkf7Z5xJdV0/B0WTNqx6vxG70zJE4N0kBs4LovmEYWJzQGxC9bS9RAKu3bgM40lrd5zoLJ12MQ5BA==",
			"license": "MIT",
			"dependencies": {
				"bytes": "~3.1.2",
				"http-errors": "~2.0.1",
				"iconv-lite": "~0.7.0",
				"unpipe": "~1.0.0"
			},
			"engines": {
				"node": ">= 0.10"
			}
		},
		"node_modules/require-from-string": {
			"version": "2.0.2",
			"resolved": "https://registry.npmjs.org/require-from-string/-/require-from-string-2.0.2.tgz",
			"integrity": "sha512-Xf0nWe6RseziFMu+Ap9biiUbmplq6S9/p+7w7YXP/JBHhrUDDUhwa+vANyubuqfZWTveU//DYVGsDG7RKL/vEw==",
			"license": "MIT",
			"engines": {
				"node": ">=0.10.0"
			}
		},
		"node_modules/retry": {
			"version": "0.13.1",
			"resolved": "https://registry.npmjs.org/retry/-/retry-0.13.1.tgz",
			"integrity": "sha512-XQBQ3I8W1Cge0Seh+6gjj03LbmRFWuoszgK9ooCpwYIrhhoO80pfq4cUkU5DkknwfOfFteRwlZ56PYOGYyFWdg==",
			"license": "MIT",
			"engines": {
				"node": ">= 4"
			}
		},
		"node_modules/rfdc": {
			"version": "1.4.1",
			"resolved": "https://registry.npmjs.org/rfdc/-/rfdc-1.4.1.tgz",
			"integrity": "sha512-q1b3N5QkRUWUl7iyylaaj3kOpIT0N2i9MqIEQXP73GVsN9cw3fdx8X63cEmWhJGi2PPCF23Ijp7ktmd39rawIA==",
			"license": "MIT"
		},
		"node_modules/safer-buffer": {
			"version": "2.1.2",
			"resolved": "https://registry.npmjs.org/safer-buffer/-/safer-buffer-2.1.2.tgz",
			"integrity": "sha512-YZo3K82SD7Riyi0E1EQPojLz7kpepnSQI9IyPbHHg1XXXevb5dJI7tpyN2ADxGcQbHG7vcyRHk0cbwqcQriUtg==",
			"license": "MIT"
		},
		"node_modules/setprototypeof": {
			"version": "1.2.0",
			"resolved": "https://registry.npmjs.org/setprototypeof/-/setprototypeof-1.2.0.tgz",
			"integrity": "sha512-E5LDX7Wrp85Kil5bhZv46j8jOeboKq5JMmYM3gVGdGH8xFpPWXUMsNrlODCrkoxMEeNi/XZIwuRvY4XNwYMJpw==",
			"license": "ISC"
		},
		"node_modules/slice-ansi": {
			"version": "4.0.0",
			"resolved": "https://registry.npmjs.org/slice-ansi/-/slice-ansi-4.0.0.tgz",
			"integrity": "sha512-qMCMfhY040cVHT43K9BFygqYbUPFZKHOg7K73mtTWJRb8pyP3fzf4Ixd5SzdEJQ6MRUg/WBnOLxghZtKKurENQ==",
			"license": "MIT",
			"dependencies": {
				"ansi-styles": "^4.0.0",
				"astral-regex": "^2.0.0",
				"is-fullwidth-code-point": "^3.0.0"
			},
			"engines": {
				"node": ">=10"
			},
			"funding": {
				"url": "https://github.com/chalk/slice-ansi?sponsor=1"
			}
		},
		"node_modules/statuses": {
			"version": "2.0.2",
			"resolved": "https://registry.npmjs.org/statuses/-/statuses-2.0.2.tgz",
			"integrity": "sha512-DvEy55V3DB7uknRo+4iOGT5fP1slR8wQohVdknigZPMpMstaKJQWhwiYBACJE3Ul2pTnATihhBYnRhZQHGBiRw==",
			"license": "MIT",
			"engines": {
				"node": ">= 0.8"
			}
		},
		"node_modules/streamroller": {
			"version": "3.1.5",
			"resolved": "https://registry.npmjs.org/streamroller/-/streamroller-3.1.5.tgz",
			"integrity": "sha512-KFxaM7XT+irxvdqSP1LGLgNWbYN7ay5owZ3r/8t77p+EtSUAfUgtl7be3xtqtOmGUl9K9YPO2ca8133RlTjvKw==",
			"license": "MIT",
			"dependencies": {
				"date-format": "^4.0.14",
				"debug": "^4.3.4",
				"fs-extra": "^8.1.0"
			},
			"engines": {
				"node": ">=8.0"
			}
		},
		"node_modules/string-width": {
			"version": "4.2.3",
			"resolved": "https://registry.npmjs.org/string-width/-/string-width-4.2.3.tgz",
			"integrity": "sha512-wKyQRQpjJ0sIp62ErSZdGsjMJWsap5oRNihHhu6G7JVO/9jIB6UyevL+tXuOqrng8j/cxKTWyWUwvSTriiZz/g==",
			"license": "MIT",
			"dependencies": {
				"emoji-regex": "^8.0.0",
				"is-fullwidth-code-point": "^3.0.0",
				"strip-ansi": "^6.0.1"
			},
			"engines": {
				"node": ">=8"
			}
		},
		"node_modules/strip-ansi": {
			"version": "6.0.1",
			"resolved": "https://registry.npmjs.org/strip-ansi/-/strip-ansi-6.0.1.tgz",
			"integrity": "sha512-Y38VPSHcqkFrCpFnQ9vuSXmquuv5oXOKpGeT6aGrr3o3Gc9AlVa6JBfUSOCnbxGGZF+/0ooI7KrPuUSztUdU5A==",
			"license": "MIT",
			"dependencies": {
				"ansi-regex": "^5.0.1"
			},
			"engines": {
				"node": ">=8"
			}
		},
		"node_modules/table": {
			"version": "6.9.0",
			"resolved": "https://registry.npmjs.org/table/-/table-6.9.0.tgz",
			"integrity": "sha512-9kY+CygyYM6j02t5YFHbNz2FN5QmYGv9zAjVp4lCDjlCw7amdckXlEt/bjMhUIfj4ThGRE4gCUH5+yGnNuPo5A==",
			"license": "BSD-3-Clause",
			"dependencies": {
				"ajv": "^8.0.1",
				"lodash.truncate": "^4.4.2",
				"slice-ansi": "^4.0.0",
				"string-width": "^4.2.3",
				"strip-ansi": "^6.0.1"
			},
			"engines": {
				"node": ">=10.0.0"
			}
		},
		"node_modules/toidentifier": {
			"version": "1.0.1",
			"resolved": "https://registry.npmjs.org/toidentifier/-/toidentifier-1.0.1.tgz",
			"integrity": "sha512-o5sSPKEkg/DIQNmH43V0/uerLrpzVedkUh8tGNvaeXpfpuwjKenlSox/2O/BTlZUtEe+JG7s5YhEz608PlAHRA==",
			"license": "MIT",
			"engines": {
				"node": ">=0.6"
			}
		},
		"node_modules/ts-mixer": {
			"version": "6.0.4",
			"resolved": "https://registry.npmjs.org/ts-mixer/-/ts-mixer-6.0.4.tgz",
			"integrity": "sha512-ufKpbmrugz5Aou4wcr5Wc1UUFWOLhq+Fm6qa6P0w0K5Qw2yhaUoiWszhCVuNQyNwrlGiscHOmqYoAox1PtvgjA==",
			"license": "MIT"
		},
		"node_modules/tslib": {
			"version": "2.8.1",
			"resolved": "https://registry.npmjs.org/tslib/-/tslib-2.8.1.tgz",
			"integrity": "sha512-oJFu94HQb+KVduSUQL7wnpmqnfmLsOA/nAh6b6EH0wCEoK0/mPeXU6c3wKDV83MkOuHPRHtSXKKU99IBazS/2w==",
			"license": "0BSD"
		},
		"node_modules/typescript": {
			"version": "5.9.3",
			"resolved": "https://registry.npmjs.org/typescript/-/typescript-5.9.3.tgz",
			"integrity": "sha512-jl1vZzPDinLr9eUt3J/t7V6FgNEw9QjvBPdysz9KfQDD41fQrC2Y4vKQdiaUpFT4bXlb1RHhLpp8wtm6M5TgSw==",
			"dev": true,
			"license": "Apache-2.0",
			"bin": {
				"tsc": "bin/tsc",
				"tsserver": "bin/tsserver"
			},
			"engines": {
				"node": ">=14.17"
			}
		},
		"node_modules/undici": {
			"version": "6.21.3",
			"resolved": "https://registry.npmjs.org/undici/-/undici-6.21.3.tgz",
			"integrity": "sha512-gBLkYIlEnSp8pFbT64yFgGE6UIB9tAkhukC23PmMDCe5Nd+cRqKxSjw5y54MK2AZMgZfJWMaNE4nYUHgi1XEOw==",
			"license": "MIT",
			"engines": {
				"node": ">=18.17"
			}
		},
		"node_modules/undici-types": {
			"version": "7.16.0",
			"resolved": "https://registry.npmjs.org/undici-types/-/undici-types-7.16.0.tgz",
			"integrity": "sha512-Zz+aZWSj8LE6zoxD+xrjh4VfkIG8Ya6LvYkZqtUQGJPZjYl53ypCaUwWqo7eI0x66KBGeRo+mlBEkMSeSZ38Nw==",
			"license": "MIT"
		},
		"node_modules/universalify": {
			"version": "0.1.2",
			"resolved": "https://registry.npmjs.org/universalify/-/universalify-0.1.2.tgz",
			"integrity": "sha512-rBJeI5CXAlmy1pV+617WB9J63U6XcazHHF2f2dbJix4XzpUF0RS3Zbj0FGIOCAva5P/d/GBOYaACQ1w+0azUkg==",
			"license": "MIT",
			"engines": {
				"node": ">= 4.0.0"
			}
		},
		"node_modules/unpipe": {
			"version": "1.0.0",
			"resolved": "https://registry.npmjs.org/unpipe/-/unpipe-1.0.0.tgz",
			"integrity": "sha512-pjy2bYhSsufwWlKwPc+l3cN7+wuJlK6uz0YdJEOlQDbl6jo/YlPi4mb8agUkVC8BF7V8NuzeyPNqRksA3hztKQ==",
			"license": "MIT",
			"engines": {
				"node": ">= 0.8"
			}
		},
		"node_modules/ws": {
			"version": "8.19.0",
			"resolved": "https://registry.npmjs.org/ws/-/ws-8.19.0.tgz",
			"integrity": "sha512-blAT2mjOEIi0ZzruJfIhb3nps74PRWTCz1IjglWEEpQl5XS/UNama6u2/rjFkDDouqr4L67ry+1aGIALViWjDg==",
			"license": "MIT",
			"engines": {
				"node": ">=10.0.0"
			},
			"peerDependencies": {
				"bufferutil": "^4.0.1",
				"utf-8-validate": ">=5.0.2"
			},
			"peerDependenciesMeta": {
				"bufferutil": {
					"optional": true
				},
				"utf-8-validate": {
					"optional": true
				}
			}
		}
	}
}
